
Microsoft Visual Studio Solution File, Format Version 12.00
# Visual Studio Version 16
VisualStudioVersion = 16.0.31605.320
MinimumVisualStudioVersion = 10.0.40219.1
Project("{FAE04EC0-301F-11D3-BF4B-00C04F79EFBC}") = "RW_XML", "RW_XML\RW_XML.csproj", "{75A5072A-4F16-409E-99B0-3E3BCDEA273A}"
EndProject
Global
	GlobalSection(SolutionConfigurationPlatforms) = preSolution
		Debug|Any CPU = Debug|Any CPU
		Release|Any CPU = Release|Any CPU
	EndGlobalSection
	GlobalSection(ProjectConfigurationPlatforms) = postSolution
		{75A5072A-4F16-409E-99B0-3E3BCDEA273A}.Debug|Any CPU.ActiveCfg = Debug|Any CPU
		{75A5072A-4F16-409E-99B0-3E3BCDEA273A}.Debug|Any CPU.Build.0 = Debug|Any CPU
		{75A5072A-4F16-409E-99B0-3E3BCDEA273A}.Release|Any CPU.ActiveCfg = Release|Any CPU
		{75A5072A-4F16-409E-99B0-3E3BCDEA273A}.Release|Any CPU.Build.0 = Release|Any CPU
	EndGlobalSection
	GlobalSection(SolutionProperties) = preSolution
		HideSolutionNode = FALSE
	EndGlobalSection
	GlobalSection(ExtensibilityGlobals) = postSolution
		SolutionGuid = {9F01D8A3-266C-4101-BB0D-BDEDAC7D9919}
	EndGlobalSection
EndGlobal
